
Microsoft Visual Studio Solution File, Format Version 12.00
# Visual Studio Version 16
VisualStudioVersion = 16.0.31205.134
MinimumVisualStudioVersion = 10.0.40219.1
Project("{9A19103F-16F7-4668-BE54-9A1E7A4F7556}") = "API.CongestionTax.Web", "API.CongestionTax.Web\API.CongestionTax.Web.csproj", "{F41E0B9B-5FEE-4E89-948A-97A1B0EEB194}"
EndProject
Project("{FAE04EC0-301F-11D3-BF4B-00C04F79EFBC}") = "API.CongestionTax.Business", "API.CongestionTax.Business\API.CongestionTax.Business.csproj", "{8779C878-BB4C-43A2-8685-A3F638013404}"
EndProject
Global
	GlobalSection(SolutionConfigurationPlatforms) = preSolution
		Debug|Any CPU = Debug|Any CPU
		Release|Any CPU = Release|Any CPU
	EndGlobalSection
	GlobalSection(ProjectConfigurationPlatforms) = postSolution
		{F41E0B9B-5FEE-4E89-948A-97A1B0EEB194}.Debug|Any CPU.ActiveCfg = Debug|Any CPU
		{F41E0B9B-5FEE-4E89-948A-97A1B0EEB194}.Debug|Any CPU.Build.0 = Debug|Any CPU
		{F41E0B9B-5FEE-4E89-948A-97A1B0EEB194}.Release|Any CPU.ActiveCfg = Release|Any CPU
		{F41E0B9B-5FEE-4E89-948A-97A1B0EEB194}.Release|Any CPU.Build.0 = Release|Any CPU
		{8779C878-BB4C-43A2-8685-A3F638013404}.Debug|Any CPU.ActiveCfg = Debug|Any CPU
		{8779C878-BB4C-43A2-8685-A3F638013404}.Debug|Any CPU.Build.0 = Debug|Any CPU
		{8779C878-BB4C-43A2-8685-A3F638013404}.Release|Any CPU.ActiveCfg = Release|Any CPU
		{8779C878-BB4C-43A2-8685-A3F638013404}.Release|Any CPU.Build.0 = Release|Any CPU
	EndGlobalSection
	GlobalSection(SolutionProperties) = preSolution
		HideSolutionNode = FALSE
	EndGlobalSection
	GlobalSection(ExtensibilityGlobals) = postSolution
		SolutionGuid = {72F16085-BB39-4E29-8C71-E0CA6B81562C}
	EndGlobalSection
EndGlobal
